
Microsoft Visual Studio Solution File, Format Version 12.00
# Visual Studio Version 17
VisualStudioVersion = 17.9.34723.18
MinimumVisualStudioVersion = 10.0.40219.1
Project("{9A19103F-16F7-4668-BE54-9A1E7A4F7556}") = "OnlineSchool", "OnlineSchool\OnlineSchool.csproj", "{F3DFE465-A0A6-4BC0-856C-ADA74DD3255B}"
EndProject
Project("{FAE04EC0-301F-11D3-BF4B-00C04F79EFBC}") = "Teste", "Teste\Teste.csproj", "{7F942A9C-AD69-4E9D-AF03-9385C854483D}"
EndProject
Global
	GlobalSection(SolutionConfigurationPlatforms) = preSolution
		Debug|Any CPU = Debug|Any CPU
		Release|Any CPU = Release|Any CPU
	EndGlobalSection
	GlobalSection(ProjectConfigurationPlatforms) = postSolution
		{F3DFE465-A0A6-4BC0-856C-ADA74DD3255B}.Debug|Any CPU.ActiveCfg = Debug|Any CPU
		{F3DFE465-A0A6-4BC0-856C-ADA74DD3255B}.Debug|Any CPU.Build.0 = Debug|Any CPU
		{F3DFE465-A0A6-4BC0-856C-ADA74DD3255B}.Release|Any CPU.ActiveCfg = Release|Any CPU
		{F3DFE465-A0A6-4BC0-856C-ADA74DD3255B}.Release|Any CPU.Build.0 = Release|Any CPU
		{7F942A9C-AD69-4E9D-AF03-9385C854483D}.Debug|Any CPU.ActiveCfg = Debug|Any CPU
		{7F942A9C-AD69-4E9D-AF03-9385C854483D}.Debug|Any CPU.Build.0 = Debug|Any CPU
		{7F942A9C-AD69-4E9D-AF03-9385C854483D}.Release|Any CPU.ActiveCfg = Release|Any CPU
		{7F942A9C-AD69-4E9D-AF03-9385C854483D}.Release|Any CPU.Build.0 = Release|Any CPU
	EndGlobalSection
	GlobalSection(SolutionProperties) = preSolution
		HideSolutionNode = FALSE
	EndGlobalSection
	GlobalSection(ExtensibilityGlobals) = postSolution
		SolutionGuid = {1A8EB9A4-F3D9-44BE-865C-0947CCCF0986}
	EndGlobalSection
EndGlobal
